
Microsoft Visual Studio Solution File, Format Version 12.00
# Visual Studio Version 17
VisualStudioVersion = 17.2.32616.157
MinimumVisualStudioVersion = 10.0.40219.1
Project("{FAE04EC0-301F-11D3-BF4B-00C04F79EFBC}") = "HotelManagementCRUD", "HotelManagementCRUD\HotelManagementCRUD.csproj", "{DDD834A3-EC00-4BBD-9502-B8C8DD8FB6D7}"
EndProject
Global
	GlobalSection(SolutionConfigurationPlatforms) = preSolution
		Debug|Any CPU = Debug|Any CPU
		Release|Any CPU = Release|Any CPU
	EndGlobalSection
	GlobalSection(ProjectConfigurationPlatforms) = postSolution
		{DDD834A3-EC00-4BBD-9502-B8C8DD8FB6D7}.Debug|Any CPU.ActiveCfg = Debug|Any CPU
		{DDD834A3-EC00-4BBD-9502-B8C8DD8FB6D7}.Debug|Any CPU.Build.0 = Debug|Any CPU
		{DDD834A3-EC00-4BBD-9502-B8C8DD8FB6D7}.Release|Any CPU.ActiveCfg = Release|Any CPU
		{DDD834A3-EC00-4BBD-9502-B8C8DD8FB6D7}.Release|Any CPU.Build.0 = Release|Any CPU
	EndGlobalSection
	GlobalSection(SolutionProperties) = preSolution
		HideSolutionNode = FALSE
	EndGlobalSection
	GlobalSection(ExtensibilityGlobals) = postSolution
		SolutionGuid = {7960285F-422A-4921-BDA8-E09D69CFF72C}
	EndGlobalSection
EndGlobal
